
Microsoft Visual Studio Solution File, Format Version 12.00
# Visual Studio 15
VisualStudioVersion = 15.0.28307.271
MinimumVisualStudioVersion = 10.0.40219.1
Project("{FAE04EC0-301F-11D3-BF4B-00C04F79EFBC}") = "HolidayWeb", "DevExtremeAspNetCoreApp3\HolidayWeb.csproj", "{70EB0675-6306-4612-B4BC-ABCD27F0109B}"
EndProject
Global
	GlobalSection(SolutionConfigurationPlatforms) = preSolution
		Debug|Any CPU = Debug|Any CPU
		Release|Any CPU = Release|Any CPU
	EndGlobalSection
	GlobalSection(ProjectConfigurationPlatforms) = postSolution
		{70EB0675-6306-4612-B4BC-ABCD27F0109B}.Debug|Any CPU.ActiveCfg = Debug|Any CPU
		{70EB0675-6306-4612-B4BC-ABCD27F0109B}.Debug|Any CPU.Build.0 = Debug|Any CPU
		{70EB0675-6306-4612-B4BC-ABCD27F0109B}.Release|Any CPU.ActiveCfg = Release|Any CPU
		{70EB0675-6306-4612-B4BC-ABCD27F0109B}.Release|Any CPU.Build.0 = Release|Any CPU
	EndGlobalSection
	GlobalSection(SolutionProperties) = preSolution
		HideSolutionNode = FALSE
	EndGlobalSection
	GlobalSection(ExtensibilityGlobals) = postSolution
		SolutionGuid = {575EB1D7-78F1-455A-AE19-B163C3A27823}
	EndGlobalSection
EndGlobal
